
Microsoft Visual Studio Solution File, Format Version 12.00
# Visual Studio Version 16
VisualStudioVersion = 16.0.31402.337
MinimumVisualStudioVersion = 10.0.40219.1
Project("{FAE04EC0-301F-11D3-BF4B-00C04F79EFBC}") = "BeatSaberMapFilter", "BeatSaberMapFilter\BeatSaberMapFilter.csproj", "{9FDF0119-B66C-41EC-88B6-C30B31665F6C}"
EndProject
Global
	GlobalSection(SolutionConfigurationPlatforms) = preSolution
		Debug|Any CPU = Debug|Any CPU
		Release|Any CPU = Release|Any CPU
	EndGlobalSection
	GlobalSection(ProjectConfigurationPlatforms) = postSolution
		{9FDF0119-B66C-41EC-88B6-C30B31665F6C}.Debug|Any CPU.ActiveCfg = Debug|Any CPU
		{9FDF0119-B66C-41EC-88B6-C30B31665F6C}.Debug|Any CPU.Build.0 = Debug|Any CPU
		{9FDF0119-B66C-41EC-88B6-C30B31665F6C}.Release|Any CPU.ActiveCfg = Release|Any CPU
		{9FDF0119-B66C-41EC-88B6-C30B31665F6C}.Release|Any CPU.Build.0 = Release|Any CPU
	EndGlobalSection
	GlobalSection(SolutionProperties) = preSolution
		HideSolutionNode = FALSE
	EndGlobalSection
	GlobalSection(ExtensibilityGlobals) = postSolution
		SolutionGuid = {9B93A91A-4878-4BD2-8513-C6E0871F3C12}
	EndGlobalSection
EndGlobal
